
Microsoft Visual Studio Solution File, Format Version 12.00
# Visual Studio Version 17
VisualStudioVersion = 17.3.32825.248
MinimumVisualStudioVersion = 10.0.40219.1
Project("{888888A0-9F3D-457C-B088-3A5042F75D52}") = "url_text", "url_text\url_text.pyproj", "{4D7E7A48-7FBF-4CE9-A006-5DDE7EF180A3}"
EndProject
Global
	GlobalSection(SolutionConfigurationPlatforms) = preSolution
		Debug|Any CPU = Debug|Any CPU
		Release|Any CPU = Release|Any CPU
	EndGlobalSection
	GlobalSection(ProjectConfigurationPlatforms) = postSolution
		{4D7E7A48-7FBF-4CE9-A006-5DDE7EF180A3}.Debug|Any CPU.ActiveCfg = Debug|Any CPU
		{4D7E7A48-7FBF-4CE9-A006-5DDE7EF180A3}.Release|Any CPU.ActiveCfg = Release|Any CPU
	EndGlobalSection
	GlobalSection(SolutionProperties) = preSolution
		HideSolutionNode = FALSE
	EndGlobalSection
	GlobalSection(ExtensibilityGlobals) = postSolution
		SolutionGuid = {BDA08103-DA12-4764-8376-8D57AE0821D6}
	EndGlobalSection
EndGlobal
